
Microsoft Visual Studio Solution File, Format Version 12.00
# Visual Studio 15
VisualStudioVersion = 15.0.26228.12
MinimumVisualStudioVersion = 10.0.40219.1
Project("{FAE04EC0-301F-11D3-BF4B-00C04F79EFBC}") = "ConsoleTest", "ConsoleTest\ConsoleTest.csproj", "{26091467-3423-45BA-9E8C-F7B3042A2C09}"
EndProject
Project("{FAE04EC0-301F-11D3-BF4B-00C04F79EFBC}") = "BakaChan", "BakaChan\BakaChan.csproj", "{AE83CA99-AD6C-43B4-9369-D95EBCA20173}"
EndProject
Global
	GlobalSection(SolutionConfigurationPlatforms) = preSolution
		Debug|Any CPU = Debug|Any CPU
		Release|Any CPU = Release|Any CPU
	EndGlobalSection
	GlobalSection(ProjectConfigurationPlatforms) = postSolution
		{26091467-3423-45BA-9E8C-F7B3042A2C09}.Debug|Any CPU.ActiveCfg = Debug|Any CPU
		{26091467-3423-45BA-9E8C-F7B3042A2C09}.Debug|Any CPU.Build.0 = Debug|Any CPU
		{26091467-3423-45BA-9E8C-F7B3042A2C09}.Release|Any CPU.ActiveCfg = Release|Any CPU
		{26091467-3423-45BA-9E8C-F7B3042A2C09}.Release|Any CPU.Build.0 = Release|Any CPU
		{AE83CA99-AD6C-43B4-9369-D95EBCA20173}.Debug|Any CPU.ActiveCfg = Debug|Any CPU
		{AE83CA99-AD6C-43B4-9369-D95EBCA20173}.Debug|Any CPU.Build.0 = Debug|Any CPU
		{AE83CA99-AD6C-43B4-9369-D95EBCA20173}.Release|Any CPU.ActiveCfg = Release|Any CPU
		{AE83CA99-AD6C-43B4-9369-D95EBCA20173}.Release|Any CPU.Build.0 = Release|Any CPU
	EndGlobalSection
	GlobalSection(SolutionProperties) = preSolution
		HideSolutionNode = FALSE
	EndGlobalSection
EndGlobal
