
Microsoft Visual Studio Solution File, Format Version 12.00
# Visual Studio 15
VisualStudioVersion = 15.0.26823.1
MinimumVisualStudioVersion = 10.0.40219.1
Project("{9A19103F-16F7-4668-BE54-9A1E7A4F7556}") = "BakaCore", "BakaCore\BakaCore.csproj", "{E1F15889-A55E-4931-893B-03A7461A55B6}"
EndProject
Project("{9A19103F-16F7-4668-BE54-9A1E7A4F7556}") = "ConsoleTest", "ConsoleTest\ConsoleTest.csproj", "{D76EC6E5-28CA-4C9E-A625-639EBD79070A}"
EndProject
Project("{FAE04EC0-301F-11D3-BF4B-00C04F79EFBC}") = "BakaService", "BakaService\BakaService.csproj", "{954BC617-FC35-43B0-B65F-B80F457E7DFA}"
EndProject
Project("{9A19103F-16F7-4668-BE54-9A1E7A4F7556}") = "Units", "lib\Units\Units\Units.csproj", "{3A23FC1E-BCB0-4EE0-B127-73F0F7F104E0}"
EndProject
Project("{9A19103F-16F7-4668-BE54-9A1E7A4F7556}") = "YoutubeExtractor", "lib\YoutubeExtractor\YoutubeExtractor\YoutubeExtractor\YoutubeExtractor.csproj", "{20255C25-7300-4A3C-BA08-413D00CD79FD}"
EndProject
Global
	GlobalSection(SolutionConfigurationPlatforms) = preSolution
		Debug|Any CPU = Debug|Any CPU
		Release|Any CPU = Release|Any CPU
	EndGlobalSection
	GlobalSection(ProjectConfigurationPlatforms) = postSolution
		{E1F15889-A55E-4931-893B-03A7461A55B6}.Debug|Any CPU.ActiveCfg = Debug|Any CPU
		{E1F15889-A55E-4931-893B-03A7461A55B6}.Debug|Any CPU.Build.0 = Debug|Any CPU
		{E1F15889-A55E-4931-893B-03A7461A55B6}.Release|Any CPU.ActiveCfg = Release|Any CPU
		{E1F15889-A55E-4931-893B-03A7461A55B6}.Release|Any CPU.Build.0 = Release|Any CPU
		{D76EC6E5-28CA-4C9E-A625-639EBD79070A}.Debug|Any CPU.ActiveCfg = Debug|Any CPU
		{D76EC6E5-28CA-4C9E-A625-639EBD79070A}.Debug|Any CPU.Build.0 = Debug|Any CPU
		{D76EC6E5-28CA-4C9E-A625-639EBD79070A}.Release|Any CPU.ActiveCfg = Release|Any CPU
		{D76EC6E5-28CA-4C9E-A625-639EBD79070A}.Release|Any CPU.Build.0 = Release|Any CPU
		{954BC617-FC35-43B0-B65F-B80F457E7DFA}.Debug|Any CPU.ActiveCfg = Debug|Any CPU
		{954BC617-FC35-43B0-B65F-B80F457E7DFA}.Debug|Any CPU.Build.0 = Debug|Any CPU
		{954BC617-FC35-43B0-B65F-B80F457E7DFA}.Release|Any CPU.ActiveCfg = Release|Any CPU
		{954BC617-FC35-43B0-B65F-B80F457E7DFA}.Release|Any CPU.Build.0 = Release|Any CPU
		{3A23FC1E-BCB0-4EE0-B127-73F0F7F104E0}.Debug|Any CPU.ActiveCfg = Debug|Any CPU
		{3A23FC1E-BCB0-4EE0-B127-73F0F7F104E0}.Debug|Any CPU.Build.0 = Debug|Any CPU
		{3A23FC1E-BCB0-4EE0-B127-73F0F7F104E0}.Release|Any CPU.ActiveCfg = Release|Any CPU
		{3A23FC1E-BCB0-4EE0-B127-73F0F7F104E0}.Release|Any CPU.Build.0 = Release|Any CPU
		{20255C25-7300-4A3C-BA08-413D00CD79FD}.Debug|Any CPU.ActiveCfg = Debug|Any CPU
		{20255C25-7300-4A3C-BA08-413D00CD79FD}.Debug|Any CPU.Build.0 = Debug|Any CPU
		{20255C25-7300-4A3C-BA08-413D00CD79FD}.Release|Any CPU.ActiveCfg = Release|Any CPU
		{20255C25-7300-4A3C-BA08-413D00CD79FD}.Release|Any CPU.Build.0 = Release|Any CPU
	EndGlobalSection
	GlobalSection(SolutionProperties) = preSolution
		HideSolutionNode = FALSE
	EndGlobalSection
	GlobalSection(ExtensibilityGlobals) = postSolution
		SolutionGuid = {A60A4FF0-3EDF-475B-94C1-F244D427401D}
	EndGlobalSection
EndGlobal
